        "gatsby-plugin-postcss": "file:./local-packages/gatsby-plugin-postcss",
        "@tailwindcss/postcss": "file:./local-packages/@tailwindcss-postcss",
    "local-packages/@tailwindcss-postcss": {
      "name": "@tailwindcss/postcss",
      "version": "4.1.18",
      "dev": true
    },
    "local-packages/gatsby-plugin-postcss": {
      "version": "6.0.0"
    },
    "node_modules/@tailwindcss/postcss": {
      "resolved": "local-packages/@tailwindcss-postcss",
      "link": true
    },
    "node_modules/gatsby-plugin-postcss": {
      "resolved": "local-packages/gatsby-plugin-postcss",
      "link": true
    },
    "@tailwindcss/postcss": {
      "version": "file:local-packages/@tailwindcss-postcss"
    },
    "gatsby-plugin-postcss": {
      "version": "file:local-packages/gatsby-plugin-postcss"
    },
